<?xml version="1.0" encoding="UTF-8"?>
<CodeBlocks_project_file>
	<FileVersion major="1" minor="6"/>
	<Project>
		<Option title="GraphColoring"/>
		<Option makefile_is_custom="1"/>
		<Option compiler="gcc"/>
		<Option virtualFolders="CMake Files\;"/>
		<Build>
			<Target title="all">
				<Option working_dir="/home/thiagofsr/Hacking/UFPB/GraphColoring"/>
				<Option type="4"/>
				<MakeCommands>
					<Build command="/usr/bin/make -f &quot;/home/thiagofsr/Hacking/UFPB/GraphColoring/Makefile&quot;  VERBOSE=1 all"/>
					<CompileFile command="/usr/bin/make -f &quot;/home/thiagofsr/Hacking/UFPB/GraphColoring/Makefile&quot;  VERBOSE=1 &quot;$file&quot;"/>
					<Clean command="/usr/bin/make -f &quot;/home/thiagofsr/Hacking/UFPB/GraphColoring/Makefile&quot;  VERBOSE=1 clean"/>
					<DistClean command="/usr/bin/make -f &quot;/home/thiagofsr/Hacking/UFPB/GraphColoring/Makefile&quot;  VERBOSE=1 clean"/>
				</MakeCommands>
			</Target>
			<Target title="rebuild_cache">
				<Option working_dir="/home/thiagofsr/Hacking/UFPB/GraphColoring"/>
				<Option type="4"/>
				<MakeCommands>
					<Build command="/usr/bin/make -f &quot;/home/thiagofsr/Hacking/UFPB/GraphColoring/Makefile&quot;  VERBOSE=1 rebuild_cache"/>
					<CompileFile command="/usr/bin/make -f &quot;/home/thiagofsr/Hacking/UFPB/GraphColoring/Makefile&quot;  VERBOSE=1 &quot;$file&quot;"/>
					<Clean command="/usr/bin/make -f &quot;/home/thiagofsr/Hacking/UFPB/GraphColoring/Makefile&quot;  VERBOSE=1 clean"/>
					<DistClean command="/usr/bin/make -f &quot;/home/thiagofsr/Hacking/UFPB/GraphColoring/Makefile&quot;  VERBOSE=1 clean"/>
				</MakeCommands>
			</Target>
			<Target title="edit_cache">
				<Option working_dir="/home/thiagofsr/Hacking/UFPB/GraphColoring"/>
				<Option type="4"/>
				<MakeCommands>
					<Build command="/usr/bin/make -f &quot;/home/thiagofsr/Hacking/UFPB/GraphColoring/Makefile&quot;  VERBOSE=1 edit_cache"/>
					<CompileFile command="/usr/bin/make -f &quot;/home/thiagofsr/Hacking/UFPB/GraphColoring/Makefile&quot;  VERBOSE=1 &quot;$file&quot;"/>
					<Clean command="/usr/bin/make -f &quot;/home/thiagofsr/Hacking/UFPB/GraphColoring/Makefile&quot;  VERBOSE=1 clean"/>
					<DistClean command="/usr/bin/make -f &quot;/home/thiagofsr/Hacking/UFPB/GraphColoring/Makefile&quot;  VERBOSE=1 clean"/>
				</MakeCommands>
			</Target>
			<Target title="GraphColoring">
				<Option output="/home/thiagofsr/Hacking/UFPB/GraphColoring/GraphColoring" prefix_auto="0" extension_auto="0"/>
				<Option working_dir="/home/thiagofsr/Hacking/UFPB/GraphColoring"/>
				<Option object_output="./"/>
				<Option type="1"/>
				<Option compiler="gcc"/>
				<Compiler>
					<Add directory="/home/thiagofsr/Hacking/UFPB/GraphColoring/Construction Heuristic"/>
					<Add directory="/home/thiagofsr/Hacking/UFPB/GraphColoring/FileReader"/>
					<Add directory="/home/thiagofsr/Hacking/UFPB/GraphColoring/Graph"/>
					<Add directory="/home/thiagofsr/Hacking/UFPB/GraphColoring/Node"/>
				</Compiler>
				<MakeCommands>
					<Build command="/usr/bin/make -f &quot;/home/thiagofsr/Hacking/UFPB/GraphColoring/Makefile&quot;  VERBOSE=1 GraphColoring"/>
					<CompileFile command="/usr/bin/make -f &quot;/home/thiagofsr/Hacking/UFPB/GraphColoring/Makefile&quot;  VERBOSE=1 &quot;$file&quot;"/>
					<Clean command="/usr/bin/make -f &quot;/home/thiagofsr/Hacking/UFPB/GraphColoring/Makefile&quot;  VERBOSE=1 clean"/>
					<DistClean command="/usr/bin/make -f &quot;/home/thiagofsr/Hacking/UFPB/GraphColoring/Makefile&quot;  VERBOSE=1 clean"/>
				</MakeCommands>
			</Target>
			<Target title="GraphColoring/fast">
				<Option output="/home/thiagofsr/Hacking/UFPB/GraphColoring/GraphColoring" prefix_auto="0" extension_auto="0"/>
				<Option working_dir="/home/thiagofsr/Hacking/UFPB/GraphColoring"/>
				<Option object_output="./"/>
				<Option type="1"/>
				<Option compiler="gcc"/>
				<Compiler>
					<Add directory="/home/thiagofsr/Hacking/UFPB/GraphColoring/Construction Heuristic"/>
					<Add directory="/home/thiagofsr/Hacking/UFPB/GraphColoring/FileReader"/>
					<Add directory="/home/thiagofsr/Hacking/UFPB/GraphColoring/Graph"/>
					<Add directory="/home/thiagofsr/Hacking/UFPB/GraphColoring/Node"/>
				</Compiler>
				<MakeCommands>
					<Build command="/usr/bin/make -f &quot;/home/thiagofsr/Hacking/UFPB/GraphColoring/Makefile&quot;  VERBOSE=1 GraphColoring/fast"/>
					<CompileFile command="/usr/bin/make -f &quot;/home/thiagofsr/Hacking/UFPB/GraphColoring/Makefile&quot;  VERBOSE=1 &quot;$file&quot;"/>
					<Clean command="/usr/bin/make -f &quot;/home/thiagofsr/Hacking/UFPB/GraphColoring/Makefile&quot;  VERBOSE=1 clean"/>
					<DistClean command="/usr/bin/make -f &quot;/home/thiagofsr/Hacking/UFPB/GraphColoring/Makefile&quot;  VERBOSE=1 clean"/>
				</MakeCommands>
			</Target>
		</Build>
		<Unit filename="/home/thiagofsr/Hacking/UFPB/GraphColoring/Construction Heuristic/Dsatur.cpp">
			<Option target="GraphColoring"/>
		</Unit>
		<Unit filename="/home/thiagofsr/Hacking/UFPB/GraphColoring/Construction Heuristic/Dsatur.h">
			<Option target="GraphColoring"/>
		</Unit>
		<Unit filename="/home/thiagofsr/Hacking/UFPB/GraphColoring/FileReader/FileReader.cpp">
			<Option target="GraphColoring"/>
		</Unit>
		<Unit filename="/home/thiagofsr/Hacking/UFPB/GraphColoring/FileReader/FileReader.h">
			<Option target="GraphColoring"/>
		</Unit>
		<Unit filename="/home/thiagofsr/Hacking/UFPB/GraphColoring/Graph/Graph.cpp">
			<Option target="GraphColoring"/>
		</Unit>
		<Unit filename="/home/thiagofsr/Hacking/UFPB/GraphColoring/Graph/Graph.h">
			<Option target="GraphColoring"/>
		</Unit>
		<Unit filename="/home/thiagofsr/Hacking/UFPB/GraphColoring/Node/Node.cpp">
			<Option target="GraphColoring"/>
		</Unit>
		<Unit filename="/home/thiagofsr/Hacking/UFPB/GraphColoring/Node/Node.h">
			<Option target="GraphColoring"/>
		</Unit>
		<Unit filename="/home/thiagofsr/Hacking/UFPB/GraphColoring/PermutationHeuristic/ColorClassHeuristic.cpp">
			<Option target="GraphColoring"/>
		</Unit>
		<Unit filename="/home/thiagofsr/Hacking/UFPB/GraphColoring/PermutationHeuristic/ColorClassHeuristic.h">
			<Option target="GraphColoring"/>
		</Unit>
		<Unit filename="/home/thiagofsr/Hacking/UFPB/GraphColoring/main.cpp">
			<Option target="GraphColoring"/>
		</Unit>
		<Unit filename="/home/thiagofsr/Hacking/UFPB/GraphColoring/CMakeLists.txt">
			<Option virtualFolder="CMake Files\"/>
		</Unit>
	</Project>
</CodeBlocks_project_file>
